// !$*UTF8*$!
{
	archiveVersion = 1;
	classes = {
	};
	objectVersion = 56;
	objects = {

/* Begin PBXBuildFile section */
		238180DB299EB356004446F3 /* SplashView.swift in Sources */ = {isa = PBXBuildFile; fileRef = 238180DA299EB356004446F3 /* SplashView.swift */; };
		238180DE299EBDCF004446F3 /* CustomColor.swift in Sources */ = {isa = PBXBuildFile; fileRef = 238180DD299EBDCF004446F3 /* CustomColor.swift */; };
		6C0CB3120A6A66C8DE605820 /* Pods_PetShelter_PetShelterUITests.framework in Frameworks */ = {isa = PBXBuildFile; fileRef = B975DCA9E7535542CBCB0B0B /* Pods_PetShelter_PetShelterUITests.framework */; };
		7EA5F1D799C11AEC6B6C4B4B /* Pods_PetShelter.framework in Frameworks */ = {isa = PBXBuildFile; fileRef = E99CEB1CE344709175E3888D /* Pods_PetShelter.framework */; };
		9D5F0DC7298C503000453576 /* PetShelterApp.swift in Sources */ = {isa = PBXBuildFile; fileRef = 9D5F0DC6298C503000453576 /* PetShelterApp.swift */; };
		9D5F0DC9298C503000453576 /* WelcomeView.swift in Sources */ = {isa = PBXBuildFile; fileRef = 9D5F0DC8298C503000453576 /* WelcomeView.swift */; };
		9D5F0DCB298C503200453576 /* Assets.xcassets in Resources */ = {isa = PBXBuildFile; fileRef = 9D5F0DCA298C503200453576 /* Assets.xcassets */; };
		9D5F0DCE298C503200453576 /* Preview Assets.xcassets in Resources */ = {isa = PBXBuildFile; fileRef = 9D5F0DCD298C503200453576 /* Preview Assets.xcassets */; };
		9D5F0DE2298C503200453576 /* PetShelterUITests.swift in Sources */ = {isa = PBXBuildFile; fileRef = 9D5F0DE1298C503200453576 /* PetShelterUITests.swift */; };
		9D5F0DE4298C503200453576 /* PetShelterUITestsLaunchTests.swift in Sources */ = {isa = PBXBuildFile; fileRef = 9D5F0DE3298C503200453576 /* PetShelterUITestsLaunchTests.swift */; };
		9D5F0DF8298C527C00453576 /* MapView.swift in Sources */ = {isa = PBXBuildFile; fileRef = 9D5F0DF7298C527C00453576 /* MapView.swift */; };
		9D5F0DFB298C52BE00453576 /* Map.swift in Sources */ = {isa = PBXBuildFile; fileRef = 9D5F0DFA298C52BE00453576 /* Map.swift */; };
		9D5F0DFD298C5C8700453576 /* Header.swift in Sources */ = {isa = PBXBuildFile; fileRef = 9D5F0DFC298C5C8700453576 /* Header.swift */; };
		9D5F0DFF298C5CEA00453576 /* AidButton.swift in Sources */ = {isa = PBXBuildFile; fileRef = 9D5F0DFE298C5CEA00453576 /* AidButton.swift */; };
		9D5F0E0F298C7A1900453576 /* Lottie in Frameworks */ = {isa = PBXBuildFile; productRef = 9D5F0E0E298C7A1900453576 /* Lottie */; };
		9D5F0E12298C7B7800453576 /* LottieView.swift in Sources */ = {isa = PBXBuildFile; fileRef = 9D5F0E11298C7B7800453576 /* LottieView.swift */; };
		9D5F0E14298C7C4400453576 /* DogAnimation.json in Resources */ = {isa = PBXBuildFile; fileRef = 9D5F0E13298C7C4400453576 /* DogAnimation.json */; };
		9D60A12929AD1DCB00A277DB /* RegisterState.swift in Sources */ = {isa = PBXBuildFile; fileRef = 9D60A12829AD1DCB00A277DB /* RegisterState.swift */; };
		9D65301829916BC0004CF39D /* NetworkError.swift in Sources */ = {isa = PBXBuildFile; fileRef = 9D65301729916BC0004CF39D /* NetworkError.swift */; };
		9D65301A2991972D004CF39D /* RegisterView.swift in Sources */ = {isa = PBXBuildFile; fileRef = 9D6530192991972D004CF39D /* RegisterView.swift */; };
		9D65301C29919863004CF39D /* ShelterButton.swift in Sources */ = {isa = PBXBuildFile; fileRef = 9D65301B29919863004CF39D /* ShelterButton.swift */; };
		9D65301E299198BC004CF39D /* PhysicPersonButton.swift in Sources */ = {isa = PBXBuildFile; fileRef = 9D65301D299198BC004CF39D /* PhysicPersonButton.swift */; };
		9D6530202991BBB8004CF39D /* Coordinator.swift in Sources */ = {isa = PBXBuildFile; fileRef = 9D65301F2991BBB8004CF39D /* Coordinator.swift */; };
		9D9E536D29904859000E3D3F /* Repository.swift in Sources */ = {isa = PBXBuildFile; fileRef = 9D9E536C29904859000E3D3F /* Repository.swift */; };
		9D9E536F29904891000E3D3F /* RepositoryImpl.swift in Sources */ = {isa = PBXBuildFile; fileRef = 9D9E536E29904891000E3D3F /* RepositoryImpl.swift */; };
		9DA2DF9829A7F6710004CB42 /* TextFieldBase.swift in Sources */ = {isa = PBXBuildFile; fileRef = 9DA2DF9729A7F6710004CB42 /* TextFieldBase.swift */; };
		9DA2DF9A29A7F6AC0004CB42 /* RegisterViewModel.swift in Sources */ = {isa = PBXBuildFile; fileRef = 9DA2DF9929A7F6AC0004CB42 /* RegisterViewModel.swift */; };
		9DA2DF9C29A7F6F50004CB42 /* UserTypePicker.swift in Sources */ = {isa = PBXBuildFile; fileRef = 9DA2DF9B29A7F6F50004CB42 /* UserTypePicker.swift */; };
		9DA2DF9E29A803C60004CB42 /* TextFieldType.swift in Sources */ = {isa = PBXBuildFile; fileRef = 9DA2DF9D29A803C60004CB42 /* TextFieldType.swift */; };
		9DAB7DCA29B40FA1008EE816 /* PopUpRegister.swift in Sources */ = {isa = PBXBuildFile; fileRef = 9DAB7DC929B40FA1008EE816 /* PopUpRegister.swift */; };
		9DAB7DCE29B41596008EE816 /* PopUpType.swift in Sources */ = {isa = PBXBuildFile; fileRef = 9DAB7DCD29B41596008EE816 /* PopUpType.swift */; };
		9DC7B446298D802600AFC9D2 /* ShelterRegisterModel.swift in Sources */ = {isa = PBXBuildFile; fileRef = 9DC7B445298D802600AFC9D2 /* ShelterRegisterModel.swift */; };
		9DC7B448298D816900AFC9D2 /* SignInModel.swift in Sources */ = {isa = PBXBuildFile; fileRef = 9DC7B447298D816900AFC9D2 /* SignInModel.swift */; };
		9DC7B44A298D842600AFC9D2 /* ShelterPointModel.swift in Sources */ = {isa = PBXBuildFile; fileRef = 9DC7B449298D842600AFC9D2 /* ShelterPointModel.swift */; };
		9DC7B44F298D880700AFC9D2 /* locations.json in Resources */ = {isa = PBXBuildFile; fileRef = 9DC7B44E298D880700AFC9D2 /* locations.json */; };
		9DC7B452298D8B4D00AFC9D2 /* MapViewModel.swift in Sources */ = {isa = PBXBuildFile; fileRef = 9DC7B451298D8B4D00AFC9D2 /* MapViewModel.swift */; };
		9DE8E39A2992E60A00FD2DCB /* Image+Extensions.swift in Sources */ = {isa = PBXBuildFile; fileRef = 9DE8E3992992E60A00FD2DCB /* Image+Extensions.swift */; };
		9DFE513229B55DA700D086F6 /* EmptyView.swift in Sources */ = {isa = PBXBuildFile; fileRef = 9DFE513129B55DA700D086F6 /* EmptyView.swift */; };
		9DFE513429B55E5500D086F6 /* LoadingView.swift in Sources */ = {isa = PBXBuildFile; fileRef = 9DFE513329B55E5500D086F6 /* LoadingView.swift */; };
		BE7157DA1E3658BDDD766EC4 /* Pods_PetShelterTests.framework in Frameworks */ = {isa = PBXBuildFile; fileRef = 812CA2925F0CE2122970AC02 /* Pods_PetShelterTests.framework */; };
		D2030C5B29B7F8F700336D49 /* RepositoryTests.swift in Sources */ = {isa = PBXBuildFile; fileRef = D2030C5A29B7F8F700336D49 /* RepositoryTests.swift */; };
		D210F440299A9019007D8ED1 /* LoginViewModel.swift in Sources */ = {isa = PBXBuildFile; fileRef = D210F43F299A9019007D8ED1 /* LoginViewModel.swift */; };
		D21C145729AE1C09003CF0F0 /* ImagePicker.swift in Sources */ = {isa = PBXBuildFile; fileRef = D21C145629AE1C09003CF0F0 /* ImagePicker.swift */; };
		D225FCA72999A06100728AAC /* LoginView.swift in Sources */ = {isa = PBXBuildFile; fileRef = D225FCA62999A06100728AAC /* LoginView.swift */; };
		D230E830299E974900A4E089 /* DetailView.swift in Sources */ = {isa = PBXBuildFile; fileRef = D230E82F299E974900A4E089 /* DetailView.swift */; };
		D252778329AA93D80028893A /* DetailViewModel.swift in Sources */ = {isa = PBXBuildFile; fileRef = D252778229AA93D80028893A /* DetailViewModel.swift */; };
		D263969E29946736009DCB53 /* ShelterDetailModal.swift in Sources */ = {isa = PBXBuildFile; fileRef = D263969D29946736009DCB53 /* ShelterDetailModal.swift */; };
		D264EA9029B914FE00C0D7DC /* Networking.swift in Sources */ = {isa = PBXBuildFile; fileRef = D264EA8F29B914FE00C0D7DC /* Networking.swift */; };
		D264EA9229B91AF500C0D7DC /* NetworkingFake.swift in Sources */ = {isa = PBXBuildFile; fileRef = D264EA9129B91AF500C0D7DC /* NetworkingFake.swift */; };
		D264EA9429B91F1600C0D7DC /* FakeDataVariables.swift in Sources */ = {isa = PBXBuildFile; fileRef = D264EA9329B91F1600C0D7DC /* FakeDataVariables.swift */; };
		D28FE42629ACEF8A00A1B0A2 /* ShelterUpdateBody.swift in Sources */ = {isa = PBXBuildFile; fileRef = D28FE42529ACEF8A00A1B0A2 /* ShelterUpdateBody.swift */; };
		D29CF94B29ABA65C00A6497D /* AddressResult.swift in Sources */ = {isa = PBXBuildFile; fileRef = D29CF94A29ABA65C00A6497D /* AddressResult.swift */; };
		D29CF94D29ABBC6400A6497D /* ClearButton.swift in Sources */ = {isa = PBXBuildFile; fileRef = D29CF94C29ABBC6400A6497D /* ClearButton.swift */; };
		D2B74898299925BD00D4F07E /* Moderat-Medium.ttf in Resources */ = {isa = PBXBuildFile; fileRef = D2B74896299925BD00D4F07E /* Moderat-Medium.ttf */; };
		D2B74899299925BD00D4F07E /* Moderat-Bold.ttf in Resources */ = {isa = PBXBuildFile; fileRef = D2B74897299925BD00D4F07E /* Moderat-Bold.ttf */; };
		D2D549CB2997106300FE39B2 /* LocationManager.swift in Sources */ = {isa = PBXBuildFile; fileRef = D2D549CA2997106300FE39B2 /* LocationManager.swift */; };
		D2ED0A7F29A55FEF00AF4FB1 /* KeychainSwift in Frameworks */ = {isa = PBXBuildFile; productRef = D2ED0A7E29A55FEF00AF4FB1 /* KeychainSwift */; };
		D2F6FCA329A18C7200675257 /* RepositoryFake.swift in Sources */ = {isa = PBXBuildFile; fileRef = D2F6FCA229A18C7200675257 /* RepositoryFake.swift */; };
		D2F6FCA529A18DA000675257 /* LoginVMTests.swift in Sources */ = {isa = PBXBuildFile; fileRef = D2F6FCA429A18DA000675257 /* LoginVMTests.swift */; };
		D2F6FCA729A190A200675257 /* KeychainFake.swift in Sources */ = {isa = PBXBuildFile; fileRef = D2F6FCA629A190A200675257 /* KeychainFake.swift */; };
		D2FBC6FD29B3A7F900E6BD41 /* DetailVMTests.swift in Sources */ = {isa = PBXBuildFile; fileRef = D2FBC6FC29B3A7F900E6BD41 /* DetailVMTests.swift */; };
/* End PBXBuildFile section */

/* Begin PBXContainerItemProxy section */
		9D5F0DD4298C503200453576 /* PBXContainerItemProxy */ = {
			isa = PBXContainerItemProxy;
			containerPortal = 9D5F0DBB298C503000453576 /* Project object */;
			proxyType = 1;
			remoteGlobalIDString = 9D5F0DC2298C503000453576;
			remoteInfo = PetShelter;
		};
		9D5F0DDE298C503200453576 /* PBXContainerItemProxy */ = {
			isa = PBXContainerItemProxy;
			containerPortal = 9D5F0DBB298C503000453576 /* Project object */;
			proxyType = 1;
			remoteGlobalIDString = 9D5F0DC2298C503000453576;
			remoteInfo = PetShelter;
		};
/* End PBXContainerItemProxy section */

/* Begin PBXFileReference section */
		061601341A03BB051BF1EE3B /* Pods-PetShelter-PetShelterUITests.debug.xcconfig */ = {isa = PBXFileReference; includeInIndex = 1; lastKnownFileType = text.xcconfig; name = "Pods-PetShelter-PetShelterUITests.debug.xcconfig"; path = "Target Support Files/Pods-PetShelter-PetShelterUITests/Pods-PetShelter-PetShelterUITests.debug.xcconfig"; sourceTree = "<group>"; };
		238180DA299EB356004446F3 /* SplashView.swift */ = {isa = PBXFileReference; lastKnownFileType = sourcecode.swift; path = SplashView.swift; sourceTree = "<group>"; };
		238180DD299EBDCF004446F3 /* CustomColor.swift */ = {isa = PBXFileReference; lastKnownFileType = sourcecode.swift; path = CustomColor.swift; sourceTree = "<group>"; };
		3A3A95B8FAFBF58848646572 /* Pods-PetShelter-PetShelterUITests.release.xcconfig */ = {isa = PBXFileReference; includeInIndex = 1; lastKnownFileType = text.xcconfig; name = "Pods-PetShelter-PetShelterUITests.release.xcconfig"; path = "Target Support Files/Pods-PetShelter-PetShelterUITests/Pods-PetShelter-PetShelterUITests.release.xcconfig"; sourceTree = "<group>"; };
		68ACFA3C2AFE9BC4D6AB13B3 /* Pods-PetShelterTests.debug.xcconfig */ = {isa = PBXFileReference; includeInIndex = 1; lastKnownFileType = text.xcconfig; name = "Pods-PetShelterTests.debug.xcconfig"; path = "Target Support Files/Pods-PetShelterTests/Pods-PetShelterTests.debug.xcconfig"; sourceTree = "<group>"; };
		812CA2925F0CE2122970AC02 /* Pods_PetShelterTests.framework */ = {isa = PBXFileReference; explicitFileType = wrapper.framework; includeInIndex = 0; path = Pods_PetShelterTests.framework; sourceTree = BUILT_PRODUCTS_DIR; };
		9D5F0DC3298C503000453576 /* PetShelter.app */ = {isa = PBXFileReference; explicitFileType = wrapper.application; includeInIndex = 0; path = PetShelter.app; sourceTree = BUILT_PRODUCTS_DIR; };
		9D5F0DC6298C503000453576 /* PetShelterApp.swift */ = {isa = PBXFileReference; lastKnownFileType = sourcecode.swift; path = PetShelterApp.swift; sourceTree = "<group>"; };
		9D5F0DC8298C503000453576 /* WelcomeView.swift */ = {isa = PBXFileReference; lastKnownFileType = sourcecode.swift; path = WelcomeView.swift; sourceTree = "<group>"; };
		9D5F0DCA298C503200453576 /* Assets.xcassets */ = {isa = PBXFileReference; lastKnownFileType = folder.assetcatalog; path = Assets.xcassets; sourceTree = "<group>"; };
		9D5F0DCD298C503200453576 /* Preview Assets.xcassets */ = {isa = PBXFileReference; lastKnownFileType = folder.assetcatalog; path = "Preview Assets.xcassets"; sourceTree = "<group>"; };
		9D5F0DD3298C503200453576 /* PetShelterTests.xctest */ = {isa = PBXFileReference; explicitFileType = wrapper.cfbundle; includeInIndex = 0; path = PetShelterTests.xctest; sourceTree = BUILT_PRODUCTS_DIR; };
		9D5F0DDD298C503200453576 /* PetShelterUITests.xctest */ = {isa = PBXFileReference; explicitFileType = wrapper.cfbundle; includeInIndex = 0; path = PetShelterUITests.xctest; sourceTree = BUILT_PRODUCTS_DIR; };
		9D5F0DE1298C503200453576 /* PetShelterUITests.swift */ = {isa = PBXFileReference; lastKnownFileType = sourcecode.swift; path = PetShelterUITests.swift; sourceTree = "<group>"; };
		9D5F0DE3298C503200453576 /* PetShelterUITestsLaunchTests.swift */ = {isa = PBXFileReference; lastKnownFileType = sourcecode.swift; path = PetShelterUITestsLaunchTests.swift; sourceTree = "<group>"; };
		9D5F0DF7298C527C00453576 /* MapView.swift */ = {isa = PBXFileReference; lastKnownFileType = sourcecode.swift; path = MapView.swift; sourceTree = "<group>"; };
		9D5F0DFA298C52BE00453576 /* Map.swift */ = {isa = PBXFileReference; lastKnownFileType = sourcecode.swift; path = Map.swift; sourceTree = "<group>"; };
		9D5F0DFC298C5C8700453576 /* Header.swift */ = {isa = PBXFileReference; lastKnownFileType = sourcecode.swift; path = Header.swift; sourceTree = "<group>"; };
		9D5F0DFE298C5CEA00453576 /* AidButton.swift */ = {isa = PBXFileReference; lastKnownFileType = sourcecode.swift; path = AidButton.swift; sourceTree = "<group>"; };
		9D5F0E11298C7B7800453576 /* LottieView.swift */ = {isa = PBXFileReference; lastKnownFileType = sourcecode.swift; path = LottieView.swift; sourceTree = "<group>"; };
		9D5F0E13298C7C4400453576 /* DogAnimation.json */ = {isa = PBXFileReference; fileEncoding = 4; lastKnownFileType = text.json; path = DogAnimation.json; sourceTree = "<group>"; };
		9D60A12829AD1DCB00A277DB /* RegisterState.swift */ = {isa = PBXFileReference; lastKnownFileType = sourcecode.swift; path = RegisterState.swift; sourceTree = "<group>"; };
		9D65301729916BC0004CF39D /* NetworkError.swift */ = {isa = PBXFileReference; lastKnownFileType = sourcecode.swift; path = NetworkError.swift; sourceTree = "<group>"; };
		9D6530192991972D004CF39D /* RegisterView.swift */ = {isa = PBXFileReference; lastKnownFileType = sourcecode.swift; path = RegisterView.swift; sourceTree = "<group>"; };
		9D65301B29919863004CF39D /* ShelterButton.swift */ = {isa = PBXFileReference; lastKnownFileType = sourcecode.swift; path = ShelterButton.swift; sourceTree = "<group>"; };
		9D65301D299198BC004CF39D /* PhysicPersonButton.swift */ = {isa = PBXFileReference; lastKnownFileType = sourcecode.swift; path = PhysicPersonButton.swift; sourceTree = "<group>"; };
		9D65301F2991BBB8004CF39D /* Coordinator.swift */ = {isa = PBXFileReference; lastKnownFileType = sourcecode.swift; path = Coordinator.swift; sourceTree = "<group>"; };
		9D9E536C29904859000E3D3F /* Repository.swift */ = {isa = PBXFileReference; lastKnownFileType = sourcecode.swift; path = Repository.swift; sourceTree = "<group>"; };
		9D9E536E29904891000E3D3F /* RepositoryImpl.swift */ = {isa = PBXFileReference; lastKnownFileType = sourcecode.swift; path = RepositoryImpl.swift; sourceTree = "<group>"; };
		9D9E53702990589F000E3D3F /* Info.plist */ = {isa = PBXFileReference; lastKnownFileType = text.plist; path = Info.plist; sourceTree = "<group>"; };
		9DA2DF9729A7F6710004CB42 /* TextFieldBase.swift */ = {isa = PBXFileReference; lastKnownFileType = sourcecode.swift; path = TextFieldBase.swift; sourceTree = "<group>"; };
		9DA2DF9929A7F6AC0004CB42 /* RegisterViewModel.swift */ = {isa = PBXFileReference; lastKnownFileType = sourcecode.swift; path = RegisterViewModel.swift; sourceTree = "<group>"; };
		9DA2DF9B29A7F6F50004CB42 /* UserTypePicker.swift */ = {isa = PBXFileReference; lastKnownFileType = sourcecode.swift; path = UserTypePicker.swift; sourceTree = "<group>"; };
		9DA2DF9D29A803C60004CB42 /* TextFieldType.swift */ = {isa = PBXFileReference; lastKnownFileType = sourcecode.swift; path = TextFieldType.swift; sourceTree = "<group>"; };
		9DAB7DC929B40FA1008EE816 /* PopUpRegister.swift */ = {isa = PBXFileReference; lastKnownFileType = sourcecode.swift; path = PopUpRegister.swift; sourceTree = "<group>"; };
		9DAB7DCD29B41596008EE816 /* PopUpType.swift */ = {isa = PBXFileReference; lastKnownFileType = sourcecode.swift; path = PopUpType.swift; sourceTree = "<group>"; };
		9DC7B445298D802600AFC9D2 /* ShelterRegisterModel.swift */ = {isa = PBXFileReference; lastKnownFileType = sourcecode.swift; path = ShelterRegisterModel.swift; sourceTree = "<group>"; };
		9DC7B447298D816900AFC9D2 /* SignInModel.swift */ = {isa = PBXFileReference; lastKnownFileType = sourcecode.swift; path = SignInModel.swift; sourceTree = "<group>"; };
		9DC7B449298D842600AFC9D2 /* ShelterPointModel.swift */ = {isa = PBXFileReference; lastKnownFileType = sourcecode.swift; path = ShelterPointModel.swift; sourceTree = "<group>"; };
		9DC7B44E298D880700AFC9D2 /* locations.json */ = {isa = PBXFileReference; lastKnownFileType = text.json; path = locations.json; sourceTree = "<group>"; };
		9DC7B451298D8B4D00AFC9D2 /* MapViewModel.swift */ = {isa = PBXFileReference; lastKnownFileType = sourcecode.swift; path = MapViewModel.swift; sourceTree = "<group>"; };
		9DE8E3992992E60A00FD2DCB /* Image+Extensions.swift */ = {isa = PBXFileReference; lastKnownFileType = sourcecode.swift; path = "Image+Extensions.swift"; sourceTree = "<group>"; };
		9DFE513129B55DA700D086F6 /* EmptyView.swift */ = {isa = PBXFileReference; lastKnownFileType = sourcecode.swift; path = EmptyView.swift; sourceTree = "<group>"; };
		9DFE513329B55E5500D086F6 /* LoadingView.swift */ = {isa = PBXFileReference; lastKnownFileType = sourcecode.swift; path = LoadingView.swift; sourceTree = "<group>"; };
		AC15991C6AB3AD7BEC7D9CC7 /* Pods-PetShelterTests.release.xcconfig */ = {isa = PBXFileReference; includeInIndex = 1; lastKnownFileType = text.xcconfig; name = "Pods-PetShelterTests.release.xcconfig"; path = "Target Support Files/Pods-PetShelterTests/Pods-PetShelterTests.release.xcconfig"; sourceTree = "<group>"; };
		B975DCA9E7535542CBCB0B0B /* Pods_PetShelter_PetShelterUITests.framework */ = {isa = PBXFileReference; explicitFileType = wrapper.framework; includeInIndex = 0; path = Pods_PetShelter_PetShelterUITests.framework; sourceTree = BUILT_PRODUCTS_DIR; };
		D2030C5A29B7F8F700336D49 /* RepositoryTests.swift */ = {isa = PBXFileReference; lastKnownFileType = sourcecode.swift; path = RepositoryTests.swift; sourceTree = "<group>"; };
		D210F43F299A9019007D8ED1 /* LoginViewModel.swift */ = {isa = PBXFileReference; lastKnownFileType = sourcecode.swift; name = LoginViewModel.swift; path = PetShelter/UI/Map/LoginViewModel.swift; sourceTree = SOURCE_ROOT; };
		D21C145629AE1C09003CF0F0 /* ImagePicker.swift */ = {isa = PBXFileReference; lastKnownFileType = sourcecode.swift; path = ImagePicker.swift; sourceTree = "<group>"; };
		D225FCA62999A06100728AAC /* LoginView.swift */ = {isa = PBXFileReference; lastKnownFileType = sourcecode.swift; name = LoginView.swift; path = PetShelter/UI/Map/LoginView.swift; sourceTree = SOURCE_ROOT; };
		D230E82F299E974900A4E089 /* DetailView.swift */ = {isa = PBXFileReference; lastKnownFileType = sourcecode.swift; path = DetailView.swift; sourceTree = "<group>"; };
		D252778229AA93D80028893A /* DetailViewModel.swift */ = {isa = PBXFileReference; lastKnownFileType = sourcecode.swift; path = DetailViewModel.swift; sourceTree = "<group>"; };
		D263969D29946736009DCB53 /* ShelterDetailModal.swift */ = {isa = PBXFileReference; lastKnownFileType = sourcecode.swift; path = ShelterDetailModal.swift; sourceTree = "<group>"; };
		D264EA8F29B914FE00C0D7DC /* Networking.swift */ = {isa = PBXFileReference; lastKnownFileType = sourcecode.swift; path = Networking.swift; sourceTree = "<group>"; };
		D264EA9129B91AF500C0D7DC /* NetworkingFake.swift */ = {isa = PBXFileReference; lastKnownFileType = sourcecode.swift; path = NetworkingFake.swift; sourceTree = "<group>"; };
		D264EA9329B91F1600C0D7DC /* FakeDataVariables.swift */ = {isa = PBXFileReference; lastKnownFileType = sourcecode.swift; path = FakeDataVariables.swift; sourceTree = "<group>"; };
		D28FE42529ACEF8A00A1B0A2 /* ShelterUpdateBody.swift */ = {isa = PBXFileReference; lastKnownFileType = sourcecode.swift; path = ShelterUpdateBody.swift; sourceTree = "<group>"; };
		D29CF94A29ABA65C00A6497D /* AddressResult.swift */ = {isa = PBXFileReference; lastKnownFileType = sourcecode.swift; path = AddressResult.swift; sourceTree = "<group>"; };
		D29CF94C29ABBC6400A6497D /* ClearButton.swift */ = {isa = PBXFileReference; lastKnownFileType = sourcecode.swift; path = ClearButton.swift; sourceTree = "<group>"; };
		D2B74896299925BD00D4F07E /* Moderat-Medium.ttf */ = {isa = PBXFileReference; lastKnownFileType = file; path = "Moderat-Medium.ttf"; sourceTree = "<group>"; };
		D2B74897299925BD00D4F07E /* Moderat-Bold.ttf */ = {isa = PBXFileReference; lastKnownFileType = file; path = "Moderat-Bold.ttf"; sourceTree = "<group>"; };
		D2D549CA2997106300FE39B2 /* LocationManager.swift */ = {isa = PBXFileReference; lastKnownFileType = sourcecode.swift; path = LocationManager.swift; sourceTree = "<group>"; };
		D2F6FCA229A18C7200675257 /* RepositoryFake.swift */ = {isa = PBXFileReference; lastKnownFileType = sourcecode.swift; path = RepositoryFake.swift; sourceTree = "<group>"; };
		D2F6FCA429A18DA000675257 /* LoginVMTests.swift */ = {isa = PBXFileReference; lastKnownFileType = sourcecode.swift; path = LoginVMTests.swift; sourceTree = "<group>"; };
		D2F6FCA629A190A200675257 /* KeychainFake.swift */ = {isa = PBXFileReference; lastKnownFileType = sourcecode.swift; path = KeychainFake.swift; sourceTree = "<group>"; };
		D2FBC6FC29B3A7F900E6BD41 /* DetailVMTests.swift */ = {isa = PBXFileReference; lastKnownFileType = sourcecode.swift; path = DetailVMTests.swift; sourceTree = "<group>"; };
		E6082ED6772146F7B121A2DD /* Pods-PetShelter.debug.xcconfig */ = {isa = PBXFileReference; includeInIndex = 1; lastKnownFileType = text.xcconfig; name = "Pods-PetShelter.debug.xcconfig"; path = "Target Support Files/Pods-PetShelter/Pods-PetShelter.debug.xcconfig"; sourceTree = "<group>"; };
		E99CEB1CE344709175E3888D /* Pods_PetShelter.framework */ = {isa = PBXFileReference; explicitFileType = wrapper.framework; includeInIndex = 0; path = Pods_PetShelter.framework; sourceTree = BUILT_PRODUCTS_DIR; };
		EB6D51982ED40A172652196B /* Pods-PetShelter.release.xcconfig */ = {isa = PBXFileReference; includeInIndex = 1; lastKnownFileType = text.xcconfig; name = "Pods-PetShelter.release.xcconfig"; path = "Target Support Files/Pods-PetShelter/Pods-PetShelter.release.xcconfig"; sourceTree = "<group>"; };
/* End PBXFileReference section */

/* Begin PBXFrameworksBuildPhase section */
		9D5F0DC0298C503000453576 /* Frameworks */ = {
			isa = PBXFrameworksBuildPhase;
			buildActionMask = 2147483647;
			files = (
				D2ED0A7F29A55FEF00AF4FB1 /* KeychainSwift in Frameworks */,
				7EA5F1D799C11AEC6B6C4B4B /* Pods_PetShelter.framework in Frameworks */,
				9D5F0E0F298C7A1900453576 /* Lottie in Frameworks */,
			);
			runOnlyForDeploymentPostprocessing = 0;
		};
		9D5F0DD0298C503200453576 /* Frameworks */ = {
			isa = PBXFrameworksBuildPhase;
			buildActionMask = 2147483647;
			files = (
				BE7157DA1E3658BDDD766EC4 /* Pods_PetShelterTests.framework in Frameworks */,
			);
			runOnlyForDeploymentPostprocessing = 0;
		};
		9D5F0DDA298C503200453576 /* Frameworks */ = {
			isa = PBXFrameworksBuildPhase;
			buildActionMask = 2147483647;
			files = (
				6C0CB3120A6A66C8DE605820 /* Pods_PetShelter_PetShelterUITests.framework in Frameworks */,
			);
			runOnlyForDeploymentPostprocessing = 0;
		};
/* End PBXFrameworksBuildPhase section */

/* Begin PBXGroup section */
		238180DC299EBDBA004446F3 /* Colors */ = {
			isa = PBXGroup;
			children = (
				238180DD299EBDCF004446F3 /* CustomColor.swift */,
			);
			path = Colors;
			sourceTree = "<group>";
		};
		28046F3931BB7346B319318E /* Frameworks */ = {
			isa = PBXGroup;
			children = (
				E99CEB1CE344709175E3888D /* Pods_PetShelter.framework */,
				B975DCA9E7535542CBCB0B0B /* Pods_PetShelter_PetShelterUITests.framework */,
				812CA2925F0CE2122970AC02 /* Pods_PetShelterTests.framework */,
			);
			name = Frameworks;
			sourceTree = "<group>";
		};
		9D5F0DBA298C503000453576 = {
			isa = PBXGroup;
			children = (
				9D5F0DC5298C503000453576 /* PetShelter */,
				9D5F0DD6298C503200453576 /* PetShelterTests */,
				9D5F0DE0298C503200453576 /* PetShelterUITests */,
				9D5F0DC4298C503000453576 /* Products */,
				C272302C08C099AC3508E9C9 /* Pods */,
				28046F3931BB7346B319318E /* Frameworks */,
			);
			sourceTree = "<group>";
		};
		9D5F0DC4298C503000453576 /* Products */ = {
			isa = PBXGroup;
			children = (
				9D5F0DC3298C503000453576 /* PetShelter.app */,
				9D5F0DD3298C503200453576 /* PetShelterTests.xctest */,
				9D5F0DDD298C503200453576 /* PetShelterUITests.xctest */,
			);
			name = Products;
			sourceTree = "<group>";
		};
		9D5F0DC5298C503000453576 /* PetShelter */ = {
			isa = PBXGroup;
			children = (
				9D5F0DC6298C503000453576 /* PetShelterApp.swift */,
				238180DC299EBDBA004446F3 /* Colors */,
				D2B74895299924C500D4F07E /* Fonts */,
				9DE8E3982992E5F300FD2DCB /* Utils */,
				9D9E53702990589F000E3D3F /* Info.plist */,
				9DC7B44E298D880700AFC9D2 /* locations.json */,
				9D5F0DF2298C51A600453576 /* Domain */,
				9D5F0DF1298C519A00453576 /* Data */,
				9D5F0DF0298C519300453576 /* UI */,
				9D5F0DCA298C503200453576 /* Assets.xcassets */,
				9D5F0DCC298C503200453576 /* Preview Content */,
			);
			path = PetShelter;
			sourceTree = "<group>";
		};
		9D5F0DCC298C503200453576 /* Preview Content */ = {
			isa = PBXGroup;
			children = (
				9D5F0DCD298C503200453576 /* Preview Assets.xcassets */,
			);
			path = "Preview Content";
			sourceTree = "<group>";
		};
		9D5F0DD6298C503200453576 /* PetShelterTests */ = {
			isa = PBXGroup;
			children = (
				D2FBC6F929B3A6AE00E6BD41 /* Fakes */,
				D2FBC6F829B3A6A400E6BD41 /* ViewModels */,
				D2030C5A29B7F8F700336D49 /* RepositoryTests.swift */,
			);
			path = PetShelterTests;
			sourceTree = "<group>";
		};
		9D5F0DE0298C503200453576 /* PetShelterUITests */ = {
			isa = PBXGroup;
			children = (
				9D5F0DE1298C503200453576 /* PetShelterUITests.swift */,
				9D5F0DE3298C503200453576 /* PetShelterUITestsLaunchTests.swift */,
			);
			path = PetShelterUITests;
			sourceTree = "<group>";
		};
		9D5F0DF0298C519300453576 /* UI */ = {
			isa = PBXGroup;
			children = (
				D21C145529AE1BF7003CF0F0 /* Components */,
				D27839C329AFCA830051D85B /* Splash */,
				9D5F0DF3298C51B800453576 /* Welcome */,
				9D5F0DF6298C51ED00453576 /* Map */,
				9D5F0DF4298C51DB00453576 /* Login */,
				9D5F0DF5298C51E300453576 /* Register */,
				D230E82E299E971600A4E089 /* Detail */,
			);
			path = UI;
			sourceTree = "<group>";
		};
		9D5F0DF1298C519A00453576 /* Data */ = {
			isa = PBXGroup;
			children = (
				9D9E536C29904859000E3D3F /* Repository.swift */,
				9D9E536E29904891000E3D3F /* RepositoryImpl.swift */,
				D264EA8F29B914FE00C0D7DC /* Networking.swift */,
			);
			path = Data;
			sourceTree = "<group>";
		};
		9D5F0DF2298C51A600453576 /* Domain */ = {
			isa = PBXGroup;
			children = (
				9DC7B445298D802600AFC9D2 /* ShelterRegisterModel.swift */,
				9DC7B447298D816900AFC9D2 /* SignInModel.swift */,
				9DC7B449298D842600AFC9D2 /* ShelterPointModel.swift */,
				9D65301729916BC0004CF39D /* NetworkError.swift */,
				D29CF94A29ABA65C00A6497D /* AddressResult.swift */,
				D28FE42529ACEF8A00A1B0A2 /* ShelterUpdateBody.swift */,
			);
			path = Domain;
			sourceTree = "<group>";
		};
		9D5F0DF3298C51B800453576 /* Welcome */ = {
			isa = PBXGroup;
			children = (
				9DC7B450298D8B1700AFC9D2 /* Component */,
				9D5F0DC8298C503000453576 /* WelcomeView.swift */,
			);
			path = Welcome;
			sourceTree = "<group>";
		};
		9D5F0DF4298C51DB00453576 /* Login */ = {
			isa = PBXGroup;
			children = (
				D225FCA62999A06100728AAC /* LoginView.swift */,
				D210F43F299A9019007D8ED1 /* LoginViewModel.swift */,
			);
			path = Login;
			sourceTree = "<group>";
		};
		9D5F0DF5298C51E300453576 /* Register */ = {
			isa = PBXGroup;
			children = (
				9DA2DF9629A7F6370004CB42 /* Component */,
				9D6530192991972D004CF39D /* RegisterView.swift */,
				9DA2DF9929A7F6AC0004CB42 /* RegisterViewModel.swift */,
				9D60A12829AD1DCB00A277DB /* RegisterState.swift */,
				9DAB7DC929B40FA1008EE816 /* PopUpRegister.swift */,
				9DAB7DCD29B41596008EE816 /* PopUpType.swift */,
			);
			path = Register;
			sourceTree = "<group>";
		};
		9D5F0DF6298C51ED00453576 /* Map */ = {
			isa = PBXGroup;
			children = (
				9D5F0DF9298C52A000453576 /* Components */,
				9D5F0DF7298C527C00453576 /* MapView.swift */,
				9DC7B451298D8B4D00AFC9D2 /* MapViewModel.swift */,
				9D65301F2991BBB8004CF39D /* Coordinator.swift */,
				D2D549CA2997106300FE39B2 /* LocationManager.swift */,
			);
			path = Map;
			sourceTree = "<group>";
		};
		9D5F0DF9298C52A000453576 /* Components */ = {
			isa = PBXGroup;
			children = (
				9D5F0DFA298C52BE00453576 /* Map.swift */,
				9D5F0DFC298C5C8700453576 /* Header.swift */,
				9D5F0DFE298C5CEA00453576 /* AidButton.swift */,
				D263969D29946736009DCB53 /* ShelterDetailModal.swift */,
			);
			path = Components;
			sourceTree = "<group>";
		};
		9DA2DF9629A7F6370004CB42 /* Component */ = {
			isa = PBXGroup;
			children = (
				9DA2DF9729A7F6710004CB42 /* TextFieldBase.swift */,
				9DA2DF9B29A7F6F50004CB42 /* UserTypePicker.swift */,
				9DA2DF9D29A803C60004CB42 /* TextFieldType.swift */,
			);
			path = Component;
			sourceTree = "<group>";
		};
		9DC7B450298D8B1700AFC9D2 /* Component */ = {
			isa = PBXGroup;
			children = (
				9D5F0E11298C7B7800453576 /* LottieView.swift */,
				9D5F0E13298C7C4400453576 /* DogAnimation.json */,
				9D65301B29919863004CF39D /* ShelterButton.swift */,
				9D65301D299198BC004CF39D /* PhysicPersonButton.swift */,
			);
			path = Component;
			sourceTree = "<group>";
		};
		9DE8E3982992E5F300FD2DCB /* Utils */ = {
			isa = PBXGroup;
			children = (
				9DE8E3992992E60A00FD2DCB /* Image+Extensions.swift */,
				D29CF94C29ABBC6400A6497D /* ClearButton.swift */,
				9DFE513129B55DA700D086F6 /* EmptyView.swift */,
				9DFE513329B55E5500D086F6 /* LoadingView.swift */,
			);
			path = Utils;
			sourceTree = "<group>";
		};
		C272302C08C099AC3508E9C9 /* Pods */ = {
			isa = PBXGroup;
			children = (
				E6082ED6772146F7B121A2DD /* Pods-PetShelter.debug.xcconfig */,
				EB6D51982ED40A172652196B /* Pods-PetShelter.release.xcconfig */,
				061601341A03BB051BF1EE3B /* Pods-PetShelter-PetShelterUITests.debug.xcconfig */,
				3A3A95B8FAFBF58848646572 /* Pods-PetShelter-PetShelterUITests.release.xcconfig */,
				68ACFA3C2AFE9BC4D6AB13B3 /* Pods-PetShelterTests.debug.xcconfig */,
				AC15991C6AB3AD7BEC7D9CC7 /* Pods-PetShelterTests.release.xcconfig */,
			);
			path = Pods;
			sourceTree = "<group>";
		};
		D21C145529AE1BF7003CF0F0 /* Components */ = {
			isa = PBXGroup;
			children = (
				D21C145629AE1C09003CF0F0 /* ImagePicker.swift */,
			);
			path = Components;
			sourceTree = "<group>";
		};
		D230E82E299E971600A4E089 /* Detail */ = {
			isa = PBXGroup;
			children = (
				D230E82F299E974900A4E089 /* DetailView.swift */,
				D252778229AA93D80028893A /* DetailViewModel.swift */,
			);
			path = Detail;
			sourceTree = "<group>";
		};
		D27839C329AFCA830051D85B /* Splash */ = {
			isa = PBXGroup;
			children = (
				238180DA299EB356004446F3 /* SplashView.swift */,
			);
			path = Splash;
			sourceTree = "<group>";
		};
		D2B74895299924C500D4F07E /* Fonts */ = {
			isa = PBXGroup;
			children = (
				D2B74897299925BD00D4F07E /* Moderat-Bold.ttf */,
				D2B74896299925BD00D4F07E /* Moderat-Medium.ttf */,
			);
			path = Fonts;
			sourceTree = "<group>";
		};
		D2FBC6F829B3A6A400E6BD41 /* ViewModels */ = {
			isa = PBXGroup;
			children = (
				D2F6FCA429A18DA000675257 /* LoginVMTests.swift */,
				D2FBC6FC29B3A7F900E6BD41 /* DetailVMTests.swift */,
			);
			path = ViewModels;
			sourceTree = "<group>";
		};
		D2FBC6F929B3A6AE00E6BD41 /* Fakes */ = {
			isa = PBXGroup;
			children = (
				D2F6FCA629A190A200675257 /* KeychainFake.swift */,
				D2F6FCA229A18C7200675257 /* RepositoryFake.swift */,
				D264EA9129B91AF500C0D7DC /* NetworkingFake.swift */,
				D264EA9329B91F1600C0D7DC /* FakeDataVariables.swift */,
			);
			path = Fakes;
			sourceTree = "<group>";
		};
/* End PBXGroup section */

/* Begin PBXNativeTarget section */
		9D5F0DC2298C503000453576 /* PetShelter */ = {
			isa = PBXNativeTarget;
			buildConfigurationList = 9D5F0DE7298C503200453576 /* Build configuration list for PBXNativeTarget "PetShelter" */;
			buildPhases = (
				68E0B382DE69EB8A71FE5561 /* [CP] Check Pods Manifest.lock */,
				9D5F0DBF298C503000453576 /* Sources */,
				9D5F0DC0298C503000453576 /* Frameworks */,
				9D5F0DC1298C503000453576 /* Resources */,
				B8647F8422BB4460797035CB /* [CP] Copy Pods Resources */,
			);
			buildRules = (
			);
			dependencies = (
			);
			name = PetShelter;
			packageProductDependencies = (
				9D5F0E0E298C7A1900453576 /* Lottie */,
				D2ED0A7E29A55FEF00AF4FB1 /* KeychainSwift */,
			);
			productName = PetShelter;
			productReference = 9D5F0DC3298C503000453576 /* PetShelter.app */;
			productType = "com.apple.product-type.application";
		};
		9D5F0DD2298C503200453576 /* PetShelterTests */ = {
			isa = PBXNativeTarget;
			buildConfigurationList = 9D5F0DEA298C503200453576 /* Build configuration list for PBXNativeTarget "PetShelterTests" */;
			buildPhases = (
				A19387CEC3BE048B5E0D6CC4 /* [CP] Check Pods Manifest.lock */,
				9D5F0DCF298C503200453576 /* Sources */,
				9D5F0DD0298C503200453576 /* Frameworks */,
				9D5F0DD1298C503200453576 /* Resources */,
			);
			buildRules = (
			);
			dependencies = (
				9D5F0DD5298C503200453576 /* PBXTargetDependency */,
			);
			name = PetShelterTests;
			productName = PetShelterTests;
			productReference = 9D5F0DD3298C503200453576 /* PetShelterTests.xctest */;
			productType = "com.apple.product-type.bundle.unit-test";
		};
		9D5F0DDC298C503200453576 /* PetShelterUITests */ = {
			isa = PBXNativeTarget;
			buildConfigurationList = 9D5F0DED298C503200453576 /* Build configuration list for PBXNativeTarget "PetShelterUITests" */;
			buildPhases = (
				E06E782C73E3287690EC7D53 /* [CP] Check Pods Manifest.lock */,
				9D5F0DD9298C503200453576 /* Sources */,
				9D5F0DDA298C503200453576 /* Frameworks */,
				9D5F0DDB298C503200453576 /* Resources */,
				3FB3384674B5094B505A31D9 /* [CP] Copy Pods Resources */,
			);
			buildRules = (
			);
			dependencies = (
				9D5F0DDF298C503200453576 /* PBXTargetDependency */,
			);
			name = PetShelterUITests;
			productName = PetShelterUITests;
			productReference = 9D5F0DDD298C503200453576 /* PetShelterUITests.xctest */;
			productType = "com.apple.product-type.bundle.ui-testing";
		};
/* End PBXNativeTarget section */

/* Begin PBXProject section */
		9D5F0DBB298C503000453576 /* Project object */ = {
			isa = PBXProject;
			attributes = {
				BuildIndependentTargetsInParallel = 1;
				LastSwiftUpdateCheck = 1420;
				LastUpgradeCheck = 1420;
				TargetAttributes = {
					9D5F0DC2298C503000453576 = {
						CreatedOnToolsVersion = 14.2;
					};
					9D5F0DD2298C503200453576 = {
						CreatedOnToolsVersion = 14.2;
						TestTargetID = 9D5F0DC2298C503000453576;
					};
					9D5F0DDC298C503200453576 = {
						CreatedOnToolsVersion = 14.2;
						TestTargetID = 9D5F0DC2298C503000453576;
					};
				};
			};
			buildConfigurationList = 9D5F0DBE298C503000453576 /* Build configuration list for PBXProject "PetShelter" */;
			compatibilityVersion = "Xcode 14.0";
			developmentRegion = en;
			hasScannedForEncodings = 0;
			knownRegions = (
				en,
				Base,
			);
			mainGroup = 9D5F0DBA298C503000453576;
			packageReferences = (
				9D5F0E0D298C7A1900453576 /* XCRemoteSwiftPackageReference "lottie-ios" */,
				D2ED0A7D29A55FEF00AF4FB1 /* XCRemoteSwiftPackageReference "keychain-swift" */,
			);
			productRefGroup = 9D5F0DC4298C503000453576 /* Products */;
			projectDirPath = "";
			projectRoot = "";
			targets = (
				9D5F0DC2298C503000453576 /* PetShelter */,
				9D5F0DD2298C503200453576 /* PetShelterTests */,
				9D5F0DDC298C503200453576 /* PetShelterUITests */,
			);
		};
/* End PBXProject section */

/* Begin PBXResourcesBuildPhase section */
		9D5F0DC1298C503000453576 /* Resources */ = {
			isa = PBXResourcesBuildPhase;
			buildActionMask = 2147483647;
			files = (
				D2B74899299925BD00D4F07E /* Moderat-Bold.ttf in Resources */,
				9D5F0DCE298C503200453576 /* Preview Assets.xcassets in Resources */,
				9D5F0E14298C7C4400453576 /* DogAnimation.json in Resources */,
				9DC7B44F298D880700AFC9D2 /* locations.json in Resources */,
				9D5F0DCB298C503200453576 /* Assets.xcassets in Resources */,
				D2B74898299925BD00D4F07E /* Moderat-Medium.ttf in Resources */,
			);
			runOnlyForDeploymentPostprocessing = 0;
		};
		9D5F0DD1298C503200453576 /* Resources */ = {
			isa = PBXResourcesBuildPhase;
			buildActionMask = 2147483647;
			files = (
			);
			runOnlyForDeploymentPostprocessing = 0;
		};
		9D5F0DDB298C503200453576 /* Resources */ = {
			isa = PBXResourcesBuildPhase;
			buildActionMask = 2147483647;
			files = (
			);
			runOnlyForDeploymentPostprocessing = 0;
		};
/* End PBXResourcesBuildPhase section */

/* Begin PBXShellScriptBuildPhase section */
		3FB3384674B5094B505A31D9 /* [CP] Copy Pods Resources */ = {
			isa = PBXShellScriptBuildPhase;
			buildActionMask = 2147483647;
			files = (
			);
			inputFileListPaths = (
				"${PODS_ROOT}/Target Support Files/Pods-PetShelter-PetShelterUITests/Pods-PetShelter-PetShelterUITests-resources-${CONFIGURATION}-input-files.xcfilelist",
			);
			name = "[CP] Copy Pods Resources";
			outputFileListPaths = (
				"${PODS_ROOT}/Target Support Files/Pods-PetShelter-PetShelterUITests/Pods-PetShelter-PetShelterUITests-resources-${CONFIGURATION}-output-files.xcfilelist",
			);
			runOnlyForDeploymentPostprocessing = 0;
			shellPath = /bin/sh;
			shellScript = "\"${PODS_ROOT}/Target Support Files/Pods-PetShelter-PetShelterUITests/Pods-PetShelter-PetShelterUITests-resources.sh\"\n";
			showEnvVarsInLog = 0;
		};
		68E0B382DE69EB8A71FE5561 /* [CP] Check Pods Manifest.lock */ = {
			isa = PBXShellScriptBuildPhase;
			buildActionMask = 2147483647;
			files = (
			);
			inputFileListPaths = (
			);
			inputPaths = (
				"${PODS_PODFILE_DIR_PATH}/Podfile.lock",
				"${PODS_ROOT}/Manifest.lock",
			);
			name = "[CP] Check Pods Manifest.lock";
			outputFileListPaths = (
			);
			outputPaths = (
				"$(DERIVED_FILE_DIR)/Pods-PetShelter-checkManifestLockResult.txt",
			);
			runOnlyForDeploymentPostprocessing = 0;
			shellPath = /bin/sh;
			shellScript = "diff \"${PODS_PODFILE_DIR_PATH}/Podfile.lock\" \"${PODS_ROOT}/Manifest.lock\" > /dev/null\nif [ $? != 0 ] ; then\n    # print error to STDERR\n    echo \"error: The sandbox is not in sync with the Podfile.lock. Run 'pod install' or update your CocoaPods installation.\" >&2\n    exit 1\nfi\n# This output is used by Xcode 'outputs' to avoid re-running this script phase.\necho \"SUCCESS\" > \"${SCRIPT_OUTPUT_FILE_0}\"\n";
			showEnvVarsInLog = 0;
		};
		A19387CEC3BE048B5E0D6CC4 /* [CP] Check Pods Manifest.lock */ = {
			isa = PBXShellScriptBuildPhase;
			buildActionMask = 2147483647;
			files = (
			);
			inputFileListPaths = (
			);
			inputPaths = (
				"${PODS_PODFILE_DIR_PATH}/Podfile.lock",
				"${PODS_ROOT}/Manifest.lock",
			);
			name = "[CP] Check Pods Manifest.lock";
			outputFileListPaths = (
			);
			outputPaths = (
				"$(DERIVED_FILE_DIR)/Pods-PetShelterTests-checkManifestLockResult.txt",
			);
			runOnlyForDeploymentPostprocessing = 0;
			shellPath = /bin/sh;
			shellScript = "diff \"${PODS_PODFILE_DIR_PATH}/Podfile.lock\" \"${PODS_ROOT}/Manifest.lock\" > /dev/null\nif [ $? != 0 ] ; then\n    # print error to STDERR\n    echo \"error: The sandbox is not in sync with the Podfile.lock. Run 'pod install' or update your CocoaPods installation.\" >&2\n    exit 1\nfi\n# This output is used by Xcode 'outputs' to avoid re-running this script phase.\necho \"SUCCESS\" > \"${SCRIPT_OUTPUT_FILE_0}\"\n";
			showEnvVarsInLog = 0;
		};
		B8647F8422BB4460797035CB /* [CP] Copy Pods Resources */ = {
			isa = PBXShellScriptBuildPhase;
			buildActionMask = 2147483647;
			files = (
			);
			inputFileListPaths = (
				"${PODS_ROOT}/Target Support Files/Pods-PetShelter/Pods-PetShelter-resources-${CONFIGURATION}-input-files.xcfilelist",
			);
			name = "[CP] Copy Pods Resources";
			outputFileListPaths = (
				"${PODS_ROOT}/Target Support Files/Pods-PetShelter/Pods-PetShelter-resources-${CONFIGURATION}-output-files.xcfilelist",
			);
			runOnlyForDeploymentPostprocessing = 0;
			shellPath = /bin/sh;
			shellScript = "\"${PODS_ROOT}/Target Support Files/Pods-PetShelter/Pods-PetShelter-resources.sh\"\n";
			showEnvVarsInLog = 0;
		};
		E06E782C73E3287690EC7D53 /* [CP] Check Pods Manifest.lock */ = {
			isa = PBXShellScriptBuildPhase;
			buildActionMask = 2147483647;
			files = (
			);
			inputFileListPaths = (
			);
			inputPaths = (
				"${PODS_PODFILE_DIR_PATH}/Podfile.lock",
				"${PODS_ROOT}/Manifest.lock",
			);
			name = "[CP] Check Pods Manifest.lock";
			outputFileListPaths = (
			);
			outputPaths = (
				"$(DERIVED_FILE_DIR)/Pods-PetShelter-PetShelterUITests-checkManifestLockResult.txt",
			);
			runOnlyForDeploymentPostprocessing = 0;
			shellPath = /bin/sh;
			shellScript = "diff \"${PODS_PODFILE_DIR_PATH}/Podfile.lock\" \"${PODS_ROOT}/Manifest.lock\" > /dev/null\nif [ $? != 0 ] ; then\n    # print error to STDERR\n    echo \"error: The sandbox is not in sync with the Podfile.lock. Run 'pod install' or update your CocoaPods installation.\" >&2\n    exit 1\nfi\n# This output is used by Xcode 'outputs' to avoid re-running this script phase.\necho \"SUCCESS\" > \"${SCRIPT_OUTPUT_FILE_0}\"\n";
			showEnvVarsInLog = 0;
		};
/* End PBXShellScriptBuildPhase section */

/* Begin PBXSourcesBuildPhase section */
		9D5F0DBF298C503000453576 /* Sources */ = {
			isa = PBXSourcesBuildPhase;
			buildActionMask = 2147483647;
			files = (
				238180DB299EB356004446F3 /* SplashView.swift in Sources */,
				D21C145729AE1C09003CF0F0 /* ImagePicker.swift in Sources */,
				9D9E536F29904891000E3D3F /* RepositoryImpl.swift in Sources */,
				9D9E536D29904859000E3D3F /* Repository.swift in Sources */,
				9DC7B44A298D842600AFC9D2 /* ShelterPointModel.swift in Sources */,
				D263969E29946736009DCB53 /* ShelterDetailModal.swift in Sources */,
				9D5F0DFD298C5C8700453576 /* Header.swift in Sources */,
				D210F440299A9019007D8ED1 /* LoginViewModel.swift in Sources */,
				9DA2DF9829A7F6710004CB42 /* TextFieldBase.swift in Sources */,
				9D60A12929AD1DCB00A277DB /* RegisterState.swift in Sources */,
				9D65301C29919863004CF39D /* ShelterButton.swift in Sources */,
				9DC7B446298D802600AFC9D2 /* ShelterRegisterModel.swift in Sources */,
				9DFE513429B55E5500D086F6 /* LoadingView.swift in Sources */,
				9DE8E39A2992E60A00FD2DCB /* Image+Extensions.swift in Sources */,
				9DA2DF9C29A7F6F50004CB42 /* UserTypePicker.swift in Sources */,
				D252778329AA93D80028893A /* DetailViewModel.swift in Sources */,
				9D5F0DC9298C503000453576 /* WelcomeView.swift in Sources */,
				D29CF94D29ABBC6400A6497D /* ClearButton.swift in Sources */,
				9D65301A2991972D004CF39D /* RegisterView.swift in Sources */,
				D225FCA72999A06100728AAC /* LoginView.swift in Sources */,
				9D5F0DFF298C5CEA00453576 /* AidButton.swift in Sources */,
				9DA2DF9A29A7F6AC0004CB42 /* RegisterViewModel.swift in Sources */,
				9D5F0DF8298C527C00453576 /* MapView.swift in Sources */,
				238180DE299EBDCF004446F3 /* CustomColor.swift in Sources */,
				9DC7B448298D816900AFC9D2 /* SignInModel.swift in Sources */,
				9D65301E299198BC004CF39D /* PhysicPersonButton.swift in Sources */,
				9DFE513229B55DA700D086F6 /* EmptyView.swift in Sources */,
				9DAB7DCE29B41596008EE816 /* PopUpType.swift in Sources */,
				D230E830299E974900A4E089 /* DetailView.swift in Sources */,
				9D5F0DFB298C52BE00453576 /* Map.swift in Sources */,
				9D5F0DC7298C503000453576 /* PetShelterApp.swift in Sources */,
				9D65301829916BC0004CF39D /* NetworkError.swift in Sources */,
				D29CF94B29ABA65C00A6497D /* AddressResult.swift in Sources */,
				D2D549CB2997106300FE39B2 /* LocationManager.swift in Sources */,
				D264EA9029B914FE00C0D7DC /* Networking.swift in Sources */,
				D28FE42629ACEF8A00A1B0A2 /* ShelterUpdateBody.swift in Sources */,
				9D5F0E12298C7B7800453576 /* LottieView.swift in Sources */,
				9DC7B452298D8B4D00AFC9D2 /* MapViewModel.swift in Sources */,
				9DA2DF9E29A803C60004CB42 /* TextFieldType.swift in Sources */,
				9DAB7DCA29B40FA1008EE816 /* PopUpRegister.swift in Sources */,
				9D6530202991BBB8004CF39D /* Coordinator.swift in Sources */,
			);
			runOnlyForDeploymentPostprocessing = 0;
		};
		9D5F0DCF298C503200453576 /* Sources */ = {
			isa = PBXSourcesBuildPhase;
			buildActionMask = 2147483647;
			files = (
				D2F6FCA529A18DA000675257 /* LoginVMTests.swift in Sources */,
				D2F6FCA329A18C7200675257 /* RepositoryFake.swift in Sources */,
				D2030C5B29B7F8F700336D49 /* RepositoryTests.swift in Sources */,
				D2F6FCA729A190A200675257 /* KeychainFake.swift in Sources */,
				D2F6FCA529A18DA000675257 /* LoginVMTests.swift in Sources */,
				D2F6FCA329A18C7200675257 /* RepositoryFake.swift in Sources */,
				D2F6FCA729A190A200675257 /* KeychainFake.swift in Sources */,
				D264EA9229B91AF500C0D7DC /* NetworkingFake.swift in Sources */,
				D264EA9429B91F1600C0D7DC /* FakeDataVariables.swift in Sources */,
				D2FBC6FD29B3A7F900E6BD41 /* DetailVMTests.swift in Sources */,
			);
			runOnlyForDeploymentPostprocessing = 0;
		};
		9D5F0DD9298C503200453576 /* Sources */ = {
			isa = PBXSourcesBuildPhase;
			buildActionMask = 2147483647;
			files = (
				9D5F0DE4298C503200453576 /* PetShelterUITestsLaunchTests.swift in Sources */,
				9D5F0DE2298C503200453576 /* PetShelterUITests.swift in Sources */,
			);
			runOnlyForDeploymentPostprocessing = 0;
		};
/* End PBXSourcesBuildPhase section */

/* Begin PBXTargetDependency section */
		9D5F0DD5298C503200453576 /* PBXTargetDependency */ = {
			isa = PBXTargetDependency;
			target = 9D5F0DC2298C503000453576 /* PetShelter */;
			targetProxy = 9D5F0DD4298C503200453576 /* PBXContainerItemProxy */;
		};
		9D5F0DDF298C503200453576 /* PBXTargetDependency */ = {
			isa = PBXTargetDependency;
			target = 9D5F0DC2298C503000453576 /* PetShelter */;
			targetProxy = 9D5F0DDE298C503200453576 /* PBXContainerItemProxy */;
		};
/* End PBXTargetDependency section */

/* Begin XCBuildConfiguration section */
		9D5F0DE5298C503200453576 /* Debug */ = {
			isa = XCBuildConfiguration;
			buildSettings = {
				ALWAYS_SEARCH_USER_PATHS = NO;
				CLANG_ANALYZER_NONNULL = YES;
				CLANG_ANALYZER_NUMBER_OBJECT_CONVERSION = YES_AGGRESSIVE;
				CLANG_CXX_LANGUAGE_STANDARD = "gnu++20";
				CLANG_ENABLE_MODULES = YES;
				CLANG_ENABLE_OBJC_ARC = YES;
				CLANG_ENABLE_OBJC_WEAK = YES;
				CLANG_WARN_BLOCK_CAPTURE_AUTORELEASING = YES;
				CLANG_WARN_BOOL_CONVERSION = YES;
				CLANG_WARN_COMMA = YES;
				CLANG_WARN_CONSTANT_CONVERSION = YES;
				CLANG_WARN_DEPRECATED_OBJC_IMPLEMENTATIONS = YES;
				CLANG_WARN_DIRECT_OBJC_ISA_USAGE = YES_ERROR;
				CLANG_WARN_DOCUMENTATION_COMMENTS = YES;
				CLANG_WARN_EMPTY_BODY = YES;
				CLANG_WARN_ENUM_CONVERSION = YES;
				CLANG_WARN_INFINITE_RECURSION = YES;
				CLANG_WARN_INT_CONVERSION = YES;
				CLANG_WARN_NON_LITERAL_NULL_CONVERSION = YES;
				CLANG_WARN_OBJC_IMPLICIT_RETAIN_SELF = YES;
				CLANG_WARN_OBJC_LITERAL_CONVERSION = YES;
				CLANG_WARN_OBJC_ROOT_CLASS = YES_ERROR;
				CLANG_WARN_QUOTED_INCLUDE_IN_FRAMEWORK_HEADER = YES;
				CLANG_WARN_RANGE_LOOP_ANALYSIS = YES;
				CLANG_WARN_STRICT_PROTOTYPES = YES;
				CLANG_WARN_SUSPICIOUS_MOVE = YES;
				CLANG_WARN_UNGUARDED_AVAILABILITY = YES_AGGRESSIVE;
				CLANG_WARN_UNREACHABLE_CODE = YES;
				CLANG_WARN__DUPLICATE_METHOD_MATCH = YES;
				COPY_PHASE_STRIP = NO;
				DEBUG_INFORMATION_FORMAT = dwarf;
				ENABLE_STRICT_OBJC_MSGSEND = YES;
				ENABLE_TESTABILITY = YES;
				GCC_C_LANGUAGE_STANDARD = gnu11;
				GCC_DYNAMIC_NO_PIC = NO;
				GCC_NO_COMMON_BLOCKS = YES;
				GCC_OPTIMIZATION_LEVEL = 0;
				GCC_PREPROCESSOR_DEFINITIONS = (
					"DEBUG=1",
					"$(inherited)",
				);
				GCC_WARN_64_TO_32_BIT_CONVERSION = YES;
				GCC_WARN_ABOUT_RETURN_TYPE = YES_ERROR;
				GCC_WARN_UNDECLARED_SELECTOR = YES;
				GCC_WARN_UNINITIALIZED_AUTOS = YES_AGGRESSIVE;
				GCC_WARN_UNUSED_FUNCTION = YES;
				GCC_WARN_UNUSED_VARIABLE = YES;
				IPHONEOS_DEPLOYMENT_TARGET = 16.1;
				MTL_ENABLE_DEBUG_INFO = INCLUDE_SOURCE;
				MTL_FAST_MATH = YES;
				ONLY_ACTIVE_ARCH = YES;
				SDKROOT = iphoneos;
				SWIFT_ACTIVE_COMPILATION_CONDITIONS = DEBUG;
				SWIFT_OPTIMIZATION_LEVEL = "-Onone";
			};
			name = Debug;
		};
		9D5F0DE6298C503200453576 /* Release */ = {
			isa = XCBuildConfiguration;
			buildSettings = {
				ALWAYS_SEARCH_USER_PATHS = NO;
				CLANG_ANALYZER_NONNULL = YES;
				CLANG_ANALYZER_NUMBER_OBJECT_CONVERSION = YES_AGGRESSIVE;
				CLANG_CXX_LANGUAGE_STANDARD = "gnu++20";
				CLANG_ENABLE_MODULES = YES;
				CLANG_ENABLE_OBJC_ARC = YES;
				CLANG_ENABLE_OBJC_WEAK = YES;
				CLANG_WARN_BLOCK_CAPTURE_AUTORELEASING = YES;
				CLANG_WARN_BOOL_CONVERSION = YES;
				CLANG_WARN_COMMA = YES;
				CLANG_WARN_CONSTANT_CONVERSION = YES;
				CLANG_WARN_DEPRECATED_OBJC_IMPLEMENTATIONS = YES;
				CLANG_WARN_DIRECT_OBJC_ISA_USAGE = YES_ERROR;
				CLANG_WARN_DOCUMENTATION_COMMENTS = YES;
				CLANG_WARN_EMPTY_BODY = YES;
				CLANG_WARN_ENUM_CONVERSION = YES;
				CLANG_WARN_INFINITE_RECURSION = YES;
				CLANG_WARN_INT_CONVERSION = YES;
				CLANG_WARN_NON_LITERAL_NULL_CONVERSION = YES;
				CLANG_WARN_OBJC_IMPLICIT_RETAIN_SELF = YES;
				CLANG_WARN_OBJC_LITERAL_CONVERSION = YES;
				CLANG_WARN_OBJC_ROOT_CLASS = YES_ERROR;
				CLANG_WARN_QUOTED_INCLUDE_IN_FRAMEWORK_HEADER = YES;
				CLANG_WARN_RANGE_LOOP_ANALYSIS = YES;
				CLANG_WARN_STRICT_PROTOTYPES = YES;
				CLANG_WARN_SUSPICIOUS_MOVE = YES;
				CLANG_WARN_UNGUARDED_AVAILABILITY = YES_AGGRESSIVE;
				CLANG_WARN_UNREACHABLE_CODE = YES;
				CLANG_WARN__DUPLICATE_METHOD_MATCH = YES;
				COPY_PHASE_STRIP = NO;
				DEBUG_INFORMATION_FORMAT = "dwarf-with-dsym";
				ENABLE_NS_ASSERTIONS = NO;
				ENABLE_STRICT_OBJC_MSGSEND = YES;
				GCC_C_LANGUAGE_STANDARD = gnu11;
				GCC_NO_COMMON_BLOCKS = YES;
				GCC_WARN_64_TO_32_BIT_CONVERSION = YES;
				GCC_WARN_ABOUT_RETURN_TYPE = YES_ERROR;
				GCC_WARN_UNDECLARED_SELECTOR = YES;
				GCC_WARN_UNINITIALIZED_AUTOS = YES_AGGRESSIVE;
				GCC_WARN_UNUSED_FUNCTION = YES;
				GCC_WARN_UNUSED_VARIABLE = YES;
				IPHONEOS_DEPLOYMENT_TARGET = 16.1;
				MTL_ENABLE_DEBUG_INFO = NO;
				MTL_FAST_MATH = YES;
				SDKROOT = iphoneos;
				SWIFT_COMPILATION_MODE = wholemodule;
				SWIFT_OPTIMIZATION_LEVEL = "-O";
				VALIDATE_PRODUCT = YES;
			};
			name = Release;
		};
		9D5F0DE8298C503200453576 /* Debug */ = {
			isa = XCBuildConfiguration;
			baseConfigurationReference = E6082ED6772146F7B121A2DD /* Pods-PetShelter.debug.xcconfig */;
			buildSettings = {
				ASSETCATALOG_COMPILER_APPICON_NAME = AppIcon;
				ASSETCATALOG_COMPILER_GLOBAL_ACCENT_COLOR_NAME = AccentColor;
				CODE_SIGN_STYLE = Automatic;
				CURRENT_PROJECT_VERSION = 1;
				DEVELOPMENT_ASSET_PATHS = "\"PetShelter/Preview Content\"";
				DEVELOPMENT_TEAM = 8DA4M3747L;
				ENABLE_PREVIEWS = YES;
				GENERATE_INFOPLIST_FILE = YES;
				INFOPLIST_FILE = PetShelter/Info.plist;
				INFOPLIST_KEY_UIApplicationSceneManifest_Generation = YES;
				INFOPLIST_KEY_UIApplicationSupportsIndirectInputEvents = YES;
				INFOPLIST_KEY_UILaunchScreen_Generation = YES;
				INFOPLIST_KEY_UISupportedInterfaceOrientations_iPad = "UIInterfaceOrientationPortrait UIInterfaceOrientationPortraitUpsideDown UIInterfaceOrientationLandscapeLeft UIInterfaceOrientationLandscapeRight";
				INFOPLIST_KEY_UISupportedInterfaceOrientations_iPhone = "UIInterfaceOrientationPortrait UIInterfaceOrientationLandscapeLeft UIInterfaceOrientationLandscapeRight";
				IPHONEOS_DEPLOYMENT_TARGET = 16.1;
				LD_RUNPATH_SEARCH_PATHS = (
					"$(inherited)",
					"@executable_path/Frameworks",
				);
				MARKETING_VERSION = 1.0;
				PRODUCT_BUNDLE_IDENTIFIER = es.fran.PetShelter;
				PRODUCT_NAME = "$(TARGET_NAME)";
				SWIFT_EMIT_LOC_STRINGS = YES;
				SWIFT_VERSION = 5.0;
				TARGETED_DEVICE_FAMILY = "1,2";
			};
			name = Debug;
		};
		9D5F0DE9298C503200453576 /* Release */ = {
			isa = XCBuildConfiguration;
			baseConfigurationReference = EB6D51982ED40A172652196B /* Pods-PetShelter.release.xcconfig */;
			buildSettings = {
				ASSETCATALOG_COMPILER_APPICON_NAME = AppIcon;
				ASSETCATALOG_COMPILER_GLOBAL_ACCENT_COLOR_NAME = AccentColor;
				CODE_SIGN_STYLE = Automatic;
				CURRENT_PROJECT_VERSION = 1;
				DEVELOPMENT_ASSET_PATHS = "\"PetShelter/Preview Content\"";
				DEVELOPMENT_TEAM = 8DA4M3747L;
				ENABLE_PREVIEWS = YES;
				GENERATE_INFOPLIST_FILE = YES;
				INFOPLIST_FILE = PetShelter/Info.plist;
				INFOPLIST_KEY_UIApplicationSceneManifest_Generation = YES;
				INFOPLIST_KEY_UIApplicationSupportsIndirectInputEvents = YES;
				INFOPLIST_KEY_UILaunchScreen_Generation = YES;
				INFOPLIST_KEY_UISupportedInterfaceOrientations_iPad = "UIInterfaceOrientationPortrait UIInterfaceOrientationPortraitUpsideDown UIInterfaceOrientationLandscapeLeft UIInterfaceOrientationLandscapeRight";
				INFOPLIST_KEY_UISupportedInterfaceOrientations_iPhone = "UIInterfaceOrientationPortrait UIInterfaceOrientationLandscapeLeft UIInterfaceOrientationLandscapeRight";
				IPHONEOS_DEPLOYMENT_TARGET = 16.1;
				LD_RUNPATH_SEARCH_PATHS = (
					"$(inherited)",
					"@executable_path/Frameworks",
				);
				MARKETING_VERSION = 1.0;
				PRODUCT_BUNDLE_IDENTIFIER = es.fran.PetShelter;
				PRODUCT_NAME = "$(TARGET_NAME)";
				SWIFT_EMIT_LOC_STRINGS = YES;
				SWIFT_VERSION = 5.0;
				TARGETED_DEVICE_FAMILY = "1,2";
			};
			name = Release;
		};
		9D5F0DEB298C503200453576 /* Debug */ = {
			isa = XCBuildConfiguration;
			baseConfigurationReference = 68ACFA3C2AFE9BC4D6AB13B3 /* Pods-PetShelterTests.debug.xcconfig */;
			buildSettings = {
				ALWAYS_EMBED_SWIFT_STANDARD_LIBRARIES = YES;
				BUNDLE_LOADER = "$(TEST_HOST)";
				CODE_SIGN_STYLE = Automatic;
				CURRENT_PROJECT_VERSION = 1;
				GENERATE_INFOPLIST_FILE = YES;
				IPHONEOS_DEPLOYMENT_TARGET = 16.2;
				MARKETING_VERSION = 1.0;
				PRODUCT_BUNDLE_IDENTIFIER = es.fran.PetShelterTests;
				PRODUCT_NAME = "$(TARGET_NAME)";
				SWIFT_EMIT_LOC_STRINGS = NO;
				SWIFT_VERSION = 5.0;
				TARGETED_DEVICE_FAMILY = "1,2";
				TEST_HOST = "$(BUILT_PRODUCTS_DIR)/PetShelter.app/$(BUNDLE_EXECUTABLE_FOLDER_PATH)/PetShelter";
			};
			name = Debug;
		};
		9D5F0DEC298C503200453576 /* Release */ = {
			isa = XCBuildConfiguration;
			baseConfigurationReference = AC15991C6AB3AD7BEC7D9CC7 /* Pods-PetShelterTests.release.xcconfig */;
			buildSettings = {
				ALWAYS_EMBED_SWIFT_STANDARD_LIBRARIES = YES;
				BUNDLE_LOADER = "$(TEST_HOST)";
				CODE_SIGN_STYLE = Automatic;
				CURRENT_PROJECT_VERSION = 1;
				GENERATE_INFOPLIST_FILE = YES;
				IPHONEOS_DEPLOYMENT_TARGET = 16.2;
				MARKETING_VERSION = 1.0;
				PRODUCT_BUNDLE_IDENTIFIER = es.fran.PetShelterTests;
				PRODUCT_NAME = "$(TARGET_NAME)";
				SWIFT_EMIT_LOC_STRINGS = NO;
				SWIFT_VERSION = 5.0;
				TARGETED_DEVICE_FAMILY = "1,2";
				TEST_HOST = "$(BUILT_PRODUCTS_DIR)/PetShelter.app/$(BUNDLE_EXECUTABLE_FOLDER_PATH)/PetShelter";
			};
			name = Release;
		};
		9D5F0DEE298C503200453576 /* Debug */ = {
			isa = XCBuildConfiguration;
			baseConfigurationReference = 061601341A03BB051BF1EE3B /* Pods-PetShelter-PetShelterUITests.debug.xcconfig */;
			buildSettings = {
				ALWAYS_EMBED_SWIFT_STANDARD_LIBRARIES = YES;
				CODE_SIGN_STYLE = Automatic;
				CURRENT_PROJECT_VERSION = 1;
				GENERATE_INFOPLIST_FILE = YES;
				MARKETING_VERSION = 1.0;
				PRODUCT_BUNDLE_IDENTIFIER = es.fran.PetShelterUITests;
				PRODUCT_NAME = "$(TARGET_NAME)";
				SWIFT_EMIT_LOC_STRINGS = NO;
				SWIFT_VERSION = 5.0;
				TARGETED_DEVICE_FAMILY = "1,2";
				TEST_TARGET_NAME = PetShelter;
			};
			name = Debug;
		};
		9D5F0DEF298C503200453576 /* Release */ = {
			isa = XCBuildConfiguration;
			baseConfigurationReference = 3A3A95B8FAFBF58848646572 /* Pods-PetShelter-PetShelterUITests.release.xcconfig */;
			buildSettings = {
				ALWAYS_EMBED_SWIFT_STANDARD_LIBRARIES = YES;
				CODE_SIGN_STYLE = Automatic;
				CURRENT_PROJECT_VERSION = 1;
				GENERATE_INFOPLIST_FILE = YES;
				MARKETING_VERSION = 1.0;
				PRODUCT_BUNDLE_IDENTIFIER = es.fran.PetShelterUITests;
				PRODUCT_NAME = "$(TARGET_NAME)";
				SWIFT_EMIT_LOC_STRINGS = NO;
				SWIFT_VERSION = 5.0;
				TARGETED_DEVICE_FAMILY = "1,2";
				TEST_TARGET_NAME = PetShelter;
			};
			name = Release;
		};
/* End XCBuildConfiguration section */

/* Begin XCConfigurationList section */
		9D5F0DBE298C503000453576 /* Build configuration list for PBXProject "PetShelter" */ = {
			isa = XCConfigurationList;
			buildConfigurations = (
				9D5F0DE5298C503200453576 /* Debug */,
				9D5F0DE6298C503200453576 /* Release */,
			);
			defaultConfigurationIsVisible = 0;
			defaultConfigurationName = Release;
		};
		9D5F0DE7298C503200453576 /* Build configuration list for PBXNativeTarget "PetShelter" */ = {
			isa = XCConfigurationList;
			buildConfigurations = (
				9D5F0DE8298C503200453576 /* Debug */,
				9D5F0DE9298C503200453576 /* Release */,
			);
			defaultConfigurationIsVisible = 0;
			defaultConfigurationName = Release;
		};
		9D5F0DEA298C503200453576 /* Build configuration list for PBXNativeTarget "PetShelterTests" */ = {
			isa = XCConfigurationList;
			buildConfigurations = (
				9D5F0DEB298C503200453576 /* Debug */,
				9D5F0DEC298C503200453576 /* Release */,
			);
			defaultConfigurationIsVisible = 0;
			defaultConfigurationName = Release;
		};
		9D5F0DED298C503200453576 /* Build configuration list for PBXNativeTarget "PetShelterUITests" */ = {
			isa = XCConfigurationList;
			buildConfigurations = (
				9D5F0DEE298C503200453576 /* Debug */,
				9D5F0DEF298C503200453576 /* Release */,
			);
			defaultConfigurationIsVisible = 0;
			defaultConfigurationName = Release;
		};
/* End XCConfigurationList section */

/* Begin XCRemoteSwiftPackageReference section */
		9D5F0E0D298C7A1900453576 /* XCRemoteSwiftPackageReference "lottie-ios" */ = {
			isa = XCRemoteSwiftPackageReference;
			repositoryURL = "https://github.com/airbnb/lottie-ios";
			requirement = {
				kind = upToNextMajorVersion;
				minimumVersion = 4.0.0;
			};
		};
		D2ED0A7D29A55FEF00AF4FB1 /* XCRemoteSwiftPackageReference "keychain-swift" */ = {
			isa = XCRemoteSwiftPackageReference;
			repositoryURL = "https://github.com/evgenyneu/keychain-swift.git";
			requirement = {
				branch = master;
				kind = branch;
			};
		};
/* End XCRemoteSwiftPackageReference section */

/* Begin XCSwiftPackageProductDependency section */
		9D5F0E0E298C7A1900453576 /* Lottie */ = {
			isa = XCSwiftPackageProductDependency;
			package = 9D5F0E0D298C7A1900453576 /* XCRemoteSwiftPackageReference "lottie-ios" */;
			productName = Lottie;
		};
		D2ED0A7E29A55FEF00AF4FB1 /* KeychainSwift */ = {
			isa = XCSwiftPackageProductDependency;
			package = D2ED0A7D29A55FEF00AF4FB1 /* XCRemoteSwiftPackageReference "keychain-swift" */;
			productName = KeychainSwift;
		};
/* End XCSwiftPackageProductDependency section */
	};
	rootObject = 9D5F0DBB298C503000453576 /* Project object */;
}
